
Microsoft Visual Studio Solution File, Format Version 12.00
# Visual Studio Version 16
VisualStudioVersion = 16.0.29709.97
MinimumVisualStudioVersion = 10.0.40219.1
Project("{FAE04EC0-301F-11D3-BF4B-00C04F79EFBC}") = "Delegates", "DelegatesEvents\Delegates.csproj", "{BF2E9FC4-D08B-424B-8736-5A5DBAC5B876}"
EndProject
Project("{FAE04EC0-301F-11D3-BF4B-00C04F79EFBC}") = "EventsIntro", "EventsIntro\EventsIntro.csproj", "{79EC2614-5049-44CF-B670-81CB759D5A86}"
EndProject
Project("{FAE04EC0-301F-11D3-BF4B-00C04F79EFBC}") = "EventWithPatternFollowed", "EventWithPatternFollowed\EventWithPatternFollowed.csproj", "{D8568D54-2F1D-4747-871A-3E6D21EDE8F3}"
EndProject
Global
	GlobalSection(SolutionConfigurationPlatforms) = preSolution
		Debug|Any CPU = Debug|Any CPU
		Release|Any CPU = Release|Any CPU
	EndGlobalSection
	GlobalSection(ProjectConfigurationPlatforms) = postSolution
		{BF2E9FC4-D08B-424B-8736-5A5DBAC5B876}.Debug|Any CPU.ActiveCfg = Debug|Any CPU
		{BF2E9FC4-D08B-424B-8736-5A5DBAC5B876}.Debug|Any CPU.Build.0 = Debug|Any CPU
		{BF2E9FC4-D08B-424B-8736-5A5DBAC5B876}.Release|Any CPU.ActiveCfg = Release|Any CPU
		{BF2E9FC4-D08B-424B-8736-5A5DBAC5B876}.Release|Any CPU.Build.0 = Release|Any CPU
		{79EC2614-5049-44CF-B670-81CB759D5A86}.Debug|Any CPU.ActiveCfg = Debug|Any CPU
		{79EC2614-5049-44CF-B670-81CB759D5A86}.Debug|Any CPU.Build.0 = Debug|Any CPU
		{79EC2614-5049-44CF-B670-81CB759D5A86}.Release|Any CPU.ActiveCfg = Release|Any CPU
		{79EC2614-5049-44CF-B670-81CB759D5A86}.Release|Any CPU.Build.0 = Release|Any CPU
		{D8568D54-2F1D-4747-871A-3E6D21EDE8F3}.Debug|Any CPU.ActiveCfg = Debug|Any CPU
		{D8568D54-2F1D-4747-871A-3E6D21EDE8F3}.Debug|Any CPU.Build.0 = Debug|Any CPU
		{D8568D54-2F1D-4747-871A-3E6D21EDE8F3}.Release|Any CPU.ActiveCfg = Release|Any CPU
		{D8568D54-2F1D-4747-871A-3E6D21EDE8F3}.Release|Any CPU.Build.0 = Release|Any CPU
	EndGlobalSection
	GlobalSection(SolutionProperties) = preSolution
		HideSolutionNode = FALSE
	EndGlobalSection
	GlobalSection(ExtensibilityGlobals) = postSolution
		SolutionGuid = {E594531A-0117-4F96-85B9-B540B76D9DE8}
	EndGlobalSection
EndGlobal
