
Microsoft Visual Studio Solution File, Format Version 12.00
# Visual Studio Version 16
VisualStudioVersion = 16.0.29709.97
MinimumVisualStudioVersion = 10.0.40219.1
Project("{FAE04EC0-301F-11D3-BF4B-00C04F79EFBC}") = "ExploreDatatypes", "ExploreDatatypes\ExploreDatatypes.csproj", "{5B0E8784-22F7-41B4-A902-6E6AE6EF91F4}"
EndProject
Global
	GlobalSection(SolutionConfigurationPlatforms) = preSolution
		Debug|Any CPU = Debug|Any CPU
		Release|Any CPU = Release|Any CPU
	EndGlobalSection
	GlobalSection(ProjectConfigurationPlatforms) = postSolution
		{5B0E8784-22F7-41B4-A902-6E6AE6EF91F4}.Debug|Any CPU.ActiveCfg = Debug|Any CPU
		{5B0E8784-22F7-41B4-A902-6E6AE6EF91F4}.Debug|Any CPU.Build.0 = Debug|Any CPU
		{5B0E8784-22F7-41B4-A902-6E6AE6EF91F4}.Release|Any CPU.ActiveCfg = Release|Any CPU
		{5B0E8784-22F7-41B4-A902-6E6AE6EF91F4}.Release|Any CPU.Build.0 = Release|Any CPU
	EndGlobalSection
	GlobalSection(SolutionProperties) = preSolution
		HideSolutionNode = FALSE
	EndGlobalSection
	GlobalSection(ExtensibilityGlobals) = postSolution
		SolutionGuid = {752D44B8-D379-4CD2-BCF3-61D3FBE44778}
	EndGlobalSection
EndGlobal
